
Microsoft Visual Studio Solution File, Format Version 12.00
# Visual Studio 15
Project("{FAE04EC0-301F-11D3-BF4B-00C04F79EFBC}") = "CarouselPagePrograme.Android", "CarouselPagePrograme.Android\CarouselPagePrograme.Android.csproj", "{5D634560-182E-42B1-BD44-5C9DF09B8C85}"
EndProject
Project("{FAE04EC0-301F-11D3-BF4B-00C04F79EFBC}") = "CarouselPagePrograme.iOS", "CarouselPagePrograme.iOS\CarouselPagePrograme.iOS.csproj", "{EC47BBA1-E81B-4360-85FC-A4ACEB913849}"
EndProject
Project("{FAE04EC0-301F-11D3-BF4B-00C04F79EFBC}") = "CarouselPagePrograme", "CarouselPagePrograme\CarouselPagePrograme.csproj", "{53848AE9-B237-4746-A2E4-470E486F9FE7}"
EndProject
Global
	GlobalSection(SolutionConfigurationPlatforms) = preSolution
		Debug|Any CPU = Debug|Any CPU
		Release|Any CPU = Release|Any CPU
		Debug|iPhoneSimulator = Debug|iPhoneSimulator
		Release|iPhoneSimulator = Release|iPhoneSimulator
		Debug|iPhone = Debug|iPhone
		Release|iPhone = Release|iPhone
	EndGlobalSection
	GlobalSection(ProjectConfigurationPlatforms) = postSolution
		{5D634560-182E-42B1-BD44-5C9DF09B8C85}.Debug|Any CPU.ActiveCfg = Debug|Any CPU
		{5D634560-182E-42B1-BD44-5C9DF09B8C85}.Debug|Any CPU.Build.0 = Debug|Any CPU
		{5D634560-182E-42B1-BD44-5C9DF09B8C85}.Release|Any CPU.ActiveCfg = Release|Any CPU
		{5D634560-182E-42B1-BD44-5C9DF09B8C85}.Release|Any CPU.Build.0 = Release|Any CPU
		{5D634560-182E-42B1-BD44-5C9DF09B8C85}.Debug|iPhoneSimulator.ActiveCfg = Debug|Any CPU
		{5D634560-182E-42B1-BD44-5C9DF09B8C85}.Debug|iPhoneSimulator.Build.0 = Debug|Any CPU
		{5D634560-182E-42B1-BD44-5C9DF09B8C85}.Release|iPhoneSimulator.ActiveCfg = Release|Any CPU
		{5D634560-182E-42B1-BD44-5C9DF09B8C85}.Release|iPhoneSimulator.Build.0 = Release|Any CPU
		{5D634560-182E-42B1-BD44-5C9DF09B8C85}.Debug|iPhone.ActiveCfg = Debug|Any CPU
		{5D634560-182E-42B1-BD44-5C9DF09B8C85}.Debug|iPhone.Build.0 = Debug|Any CPU
		{5D634560-182E-42B1-BD44-5C9DF09B8C85}.Release|iPhone.ActiveCfg = Release|Any CPU
		{5D634560-182E-42B1-BD44-5C9DF09B8C85}.Release|iPhone.Build.0 = Release|Any CPU
		{EC47BBA1-E81B-4360-85FC-A4ACEB913849}.Debug|Any CPU.ActiveCfg = Debug|iPhoneSimulator
		{EC47BBA1-E81B-4360-85FC-A4ACEB913849}.Debug|Any CPU.Build.0 = Debug|iPhoneSimulator
		{EC47BBA1-E81B-4360-85FC-A4ACEB913849}.Release|Any CPU.ActiveCfg = Release|iPhoneSimulator
		{EC47BBA1-E81B-4360-85FC-A4ACEB913849}.Release|Any CPU.Build.0 = Release|iPhoneSimulator
		{EC47BBA1-E81B-4360-85FC-A4ACEB913849}.Debug|iPhoneSimulator.ActiveCfg = Debug|iPhoneSimulator
		{EC47BBA1-E81B-4360-85FC-A4ACEB913849}.Debug|iPhoneSimulator.Build.0 = Debug|iPhoneSimulator
		{EC47BBA1-E81B-4360-85FC-A4ACEB913849}.Release|iPhoneSimulator.ActiveCfg = Release|iPhoneSimulator
		{EC47BBA1-E81B-4360-85FC-A4ACEB913849}.Release|iPhoneSimulator.Build.0 = Release|iPhoneSimulator
		{EC47BBA1-E81B-4360-85FC-A4ACEB913849}.Debug|iPhone.ActiveCfg = Debug|iPhone
		{EC47BBA1-E81B-4360-85FC-A4ACEB913849}.Debug|iPhone.Build.0 = Debug|iPhone
		{EC47BBA1-E81B-4360-85FC-A4ACEB913849}.Release|iPhone.ActiveCfg = Release|iPhone
		{EC47BBA1-E81B-4360-85FC-A4ACEB913849}.Release|iPhone.Build.0 = Release|iPhone
		{53848AE9-B237-4746-A2E4-470E486F9FE7}.Debug|Any CPU.ActiveCfg = Debug|Any CPU
		{53848AE9-B237-4746-A2E4-470E486F9FE7}.Debug|Any CPU.Build.0 = Debug|Any CPU
		{53848AE9-B237-4746-A2E4-470E486F9FE7}.Release|Any CPU.ActiveCfg = Release|Any CPU
		{53848AE9-B237-4746-A2E4-470E486F9FE7}.Release|Any CPU.Build.0 = Release|Any CPU
		{53848AE9-B237-4746-A2E4-470E486F9FE7}.Debug|iPhoneSimulator.ActiveCfg = Debug|Any CPU
		{53848AE9-B237-4746-A2E4-470E486F9FE7}.Debug|iPhoneSimulator.Build.0 = Debug|Any CPU
		{53848AE9-B237-4746-A2E4-470E486F9FE7}.Release|iPhoneSimulator.ActiveCfg = Release|Any CPU
		{53848AE9-B237-4746-A2E4-470E486F9FE7}.Release|iPhoneSimulator.Build.0 = Release|Any CPU
		{53848AE9-B237-4746-A2E4-470E486F9FE7}.Debug|iPhone.ActiveCfg = Debug|Any CPU
		{53848AE9-B237-4746-A2E4-470E486F9FE7}.Debug|iPhone.Build.0 = Debug|Any CPU
		{53848AE9-B237-4746-A2E4-470E486F9FE7}.Release|iPhone.ActiveCfg = Release|Any CPU
		{53848AE9-B237-4746-A2E4-470E486F9FE7}.Release|iPhone.Build.0 = Release|Any CPU
	EndGlobalSection
EndGlobal
